{
  "name": "stereo-img",
  "version": "1.17.0",
  "lockfileVersion": 3,
  "requires": true,
  "packages": {
    "": {
      "name": "stereo-img",
      "version": "1.17.0",
      "license": "Apache-2.0",
      "devDependencies": {
        "exifr": "^7.1.3",
        "three": "^0.161.0"
      }
    },
    "node_modules/exifr": {
      "version": "7.1.3",
      "resolved": "https://registry.npmjs.org/exifr/-/exifr-7.1.3.tgz",
      "integrity": "sha512-g/aje2noHivrRSLbAUtBPWFbxKdKhgj/xr1vATDdUXPOFYJlQ62Ft0oy+72V6XLIpDJfHs6gXLbBLAolqOXYRw==",
      "dev": true
    },
    "node_modules/three": {
      "version": "0.161.0",
      "resolved": "https://registry.npmjs.org/three/-/three-0.161.0.tgz",
      "integrity": "sha512-LC28VFtjbOyEu5b93K0bNRLw1rQlMJ85lilKsYj6dgTu+7i17W+JCCEbvrpmNHF1F3NAUqDSWq50UD7w9H2xQw==",
      "dev": true
    }
  }
}
